
Microsoft Visual Studio Solution File, Format Version 12.00
# Visual Studio Version 16
VisualStudioVersion = 16.0.32510.428
MinimumVisualStudioVersion = 10.0.40219.1
Project("{FAE04EC0-301F-11D3-BF4B-00C04F79EFBC}") = "PersonalPortfolioApp", "PersonalPortfolioApp.csproj", "{63AB6E4A-E15E-46AF-A078-54266D76C7E1}"
EndProject
Global
	GlobalSection(SolutionConfigurationPlatforms) = preSolution
		Debug|Any CPU = Debug|Any CPU
		Release|Any CPU = Release|Any CPU
	EndGlobalSection
	GlobalSection(ProjectConfigurationPlatforms) = postSolution
		{63AB6E4A-E15E-46AF-A078-54266D76C7E1}.Debug|Any CPU.ActiveCfg = Debug|Any CPU
		{63AB6E4A-E15E-46AF-A078-54266D76C7E1}.Debug|Any CPU.Build.0 = Debug|Any CPU
		{63AB6E4A-E15E-46AF-A078-54266D76C7E1}.Release|Any CPU.ActiveCfg = Release|Any CPU
		{63AB6E4A-E15E-46AF-A078-54266D76C7E1}.Release|Any CPU.Build.0 = Release|Any CPU
	EndGlobalSection
	GlobalSection(SolutionProperties) = preSolution
		HideSolutionNode = FALSE
	EndGlobalSection
	GlobalSection(ExtensibilityGlobals) = postSolution
		SolutionGuid = {2E7DDC02-7776-42DF-9797-58DB41930876}
	EndGlobalSection
EndGlobal
